// !$*UTF8*$!
{
	archiveVersion = 1;
	classes = {
	};
	objectVersion = 46;
	objects = {

/* Begin PBXBuildFile section */
		2C6B95301A05EE6F00EEB1E4 /* AppDelegate.swift in Sources */ = {isa = PBXBuildFile; fileRef = 2C6B952F1A05EE6F00EEB1E4 /* AppDelegate.swift */; };
		2C6B95321A05EE6F00EEB1E4 /* ViewController.swift in Sources */ = {isa = PBXBuildFile; fileRef = 2C6B95311A05EE6F00EEB1E4 /* ViewController.swift */; };
		2C6B95371A05EE6F00EEB1E4 /* Images.xcassets in Resources */ = {isa = PBXBuildFile; fileRef = 2C6B95361A05EE6F00EEB1E4 /* Images.xcassets */; };
		2C6B953A1A05EE6F00EEB1E4 /* LaunchScreen.xib in Resources */ = {isa = PBXBuildFile; fileRef = 2C6B95381A05EE6F00EEB1E4 /* LaunchScreen.xib */; };
		2C6B95461A05EE6F00EEB1E4 /* CrowdSpeechTests.swift in Sources */ = {isa = PBXBuildFile; fileRef = 2C6B95451A05EE6F00EEB1E4 /* CrowdSpeechTests.swift */; };
		2CBA3AE11A05EF39005134CD /* DictationModel.swift in Sources */ = {isa = PBXBuildFile; fileRef = 2CBA3AE01A05EF39005134CD /* DictationModel.swift */; };
		2CBA3B191A09E432005134CD /* Main.storyboard in Resources */ = {isa = PBXBuildFile; fileRef = 2CBA3B171A09E432005134CD /* Main.storyboard */; };
		2CBA3B1B1A0FC41D005134CD /* DictationTableViewController.swift in Sources */ = {isa = PBXBuildFile; fileRef = 2CBA3B1A1A0FC41D005134CD /* DictationTableViewController.swift */; };
/* End PBXBuildFile section */

/* Begin PBXContainerItemProxy section */
		2C6B95401A05EE6F00EEB1E4 /* PBXContainerItemProxy */ = {
			isa = PBXContainerItemProxy;
			containerPortal = 2C6B95221A05EE6F00EEB1E4 /* Project object */;
			proxyType = 1;
			remoteGlobalIDString = 2C6B95291A05EE6F00EEB1E4;
			remoteInfo = CrowdSpeech;
		};
/* End PBXContainerItemProxy section */

/* Begin PBXFileReference section */
		2C6B952A1A05EE6F00EEB1E4 /* CrowdSpeech.app */ = {isa = PBXFileReference; explicitFileType = wrapper.application; includeInIndex = 0; path = CrowdSpeech.app; sourceTree = BUILT_PRODUCTS_DIR; };
		2C6B952E1A05EE6F00EEB1E4 /* Info.plist */ = {isa = PBXFileReference; lastKnownFileType = text.plist.xml; path = Info.plist; sourceTree = "<group>"; };
		2C6B952F1A05EE6F00EEB1E4 /* AppDelegate.swift */ = {isa = PBXFileReference; lastKnownFileType = sourcecode.swift; path = AppDelegate.swift; sourceTree = "<group>"; };
		2C6B95311A05EE6F00EEB1E4 /* ViewController.swift */ = {isa = PBXFileReference; lastKnownFileType = sourcecode.swift; path = ViewController.swift; sourceTree = "<group>"; };
		2C6B95361A05EE6F00EEB1E4 /* Images.xcassets */ = {isa = PBXFileReference; lastKnownFileType = folder.assetcatalog; path = Images.xcassets; sourceTree = "<group>"; };
		2C6B95391A05EE6F00EEB1E4 /* Base */ = {isa = PBXFileReference; lastKnownFileType = file.xib; name = Base; path = Base.lproj/LaunchScreen.xib; sourceTree = "<group>"; };
		2C6B953F1A05EE6F00EEB1E4 /* CrowdSpeechTests.xctest */ = {isa = PBXFileReference; explicitFileType = wrapper.cfbundle; includeInIndex = 0; path = CrowdSpeechTests.xctest; sourceTree = BUILT_PRODUCTS_DIR; };
		2C6B95441A05EE6F00EEB1E4 /* Info.plist */ = {isa = PBXFileReference; lastKnownFileType = text.plist.xml; path = Info.plist; sourceTree = "<group>"; };
		2C6B95451A05EE6F00EEB1E4 /* CrowdSpeechTests.swift */ = {isa = PBXFileReference; lastKnownFileType = sourcecode.swift; path = CrowdSpeechTests.swift; sourceTree = "<group>"; };
		2CBA3AE01A05EF39005134CD /* DictationModel.swift */ = {isa = PBXFileReference; fileEncoding = 4; lastKnownFileType = sourcecode.swift; path = DictationModel.swift; sourceTree = "<group>"; };
		2CBA3B181A09E432005134CD /* Base */ = {isa = PBXFileReference; lastKnownFileType = file.storyboard; name = Base; path = Base.lproj/Main.storyboard; sourceTree = "<group>"; };
		2CBA3B1A1A0FC41D005134CD /* DictationTableViewController.swift */ = {isa = PBXFileReference; fileEncoding = 4; lastKnownFileType = sourcecode.swift; path = DictationTableViewController.swift; sourceTree = "<group>"; };
/* End PBXFileReference section */

/* Begin PBXFrameworksBuildPhase section */
		2C6B95271A05EE6F00EEB1E4 /* Frameworks */ = {
			isa = PBXFrameworksBuildPhase;
			buildActionMask = 2147483647;
			files = (
			);
			runOnlyForDeploymentPostprocessing = 0;
		};
		2C6B953C1A05EE6F00EEB1E4 /* Frameworks */ = {
			isa = PBXFrameworksBuildPhase;
			buildActionMask = 2147483647;
			files = (
			);
			runOnlyForDeploymentPostprocessing = 0;
		};
/* End PBXFrameworksBuildPhase section */

/* Begin PBXGroup section */
		2C6B95211A05EE6F00EEB1E4 = {
			isa = PBXGroup;
			children = (
				2CBA3AE01A05EF39005134CD /* DictationModel.swift */,
				2C6B952C1A05EE6F00EEB1E4 /* CrowdSpeech */,
				2C6B95421A05EE6F00EEB1E4 /* CrowdSpeechTests */,
				2C6B952B1A05EE6F00EEB1E4 /* Products */,
			);
			sourceTree = "<group>";
		};
		2C6B952B1A05EE6F00EEB1E4 /* Products */ = {
			isa = PBXGroup;
			children = (
				2C6B952A1A05EE6F00EEB1E4 /* CrowdSpeech.app */,
				2C6B953F1A05EE6F00EEB1E4 /* CrowdSpeechTests.xctest */,
			);
			name = Products;
			sourceTree = "<group>";
		};
		2C6B952C1A05EE6F00EEB1E4 /* CrowdSpeech */ = {
			isa = PBXGroup;
			children = (
				2C6B952F1A05EE6F00EEB1E4 /* AppDelegate.swift */,
				2C6B95311A05EE6F00EEB1E4 /* ViewController.swift */,
				2CBA3B171A09E432005134CD /* Main.storyboard */,
				2C6B95361A05EE6F00EEB1E4 /* Images.xcassets */,
				2C6B95381A05EE6F00EEB1E4 /* LaunchScreen.xib */,
				2C6B952D1A05EE6F00EEB1E4 /* Supporting Files */,
				2CBA3B1A1A0FC41D005134CD /* DictationTableViewController.swift */,
			);
			path = CrowdSpeech;
			sourceTree = "<group>";
		};
		2C6B952D1A05EE6F00EEB1E4 /* Supporting Files */ = {
			isa = PBXGroup;
			children = (
				2C6B952E1A05EE6F00EEB1E4 /* Info.plist */,
			);
			name = "Supporting Files";
			sourceTree = "<group>";
		};
		2C6B95421A05EE6F00EEB1E4 /* CrowdSpeechTests */ = {
			isa = PBXGroup;
			children = (
				2C6B95451A05EE6F00EEB1E4 /* CrowdSpeechTests.swift */,
				2C6B95431A05EE6F00EEB1E4 /* Supporting Files */,
			);
			path = CrowdSpeechTests;
			sourceTree = "<group>";
		};
		2C6B95431A05EE6F00EEB1E4 /* Supporting Files */ = {
			isa = PBXGroup;
			children = (
				2C6B95441A05EE6F00EEB1E4 /* Info.plist */,
			);
			name = "Supporting Files";
			sourceTree = "<group>";
		};
/* End PBXGroup section */

/* Begin PBXNativeTarget section */
		2C6B95291A05EE6F00EEB1E4 /* CrowdSpeech */ = {
			isa = PBXNativeTarget;
			buildConfigurationList = 2C6B95491A05EE6F00EEB1E4 /* Build configuration list for PBXNativeTarget "CrowdSpeech" */;
			buildPhases = (
				2C6B95261A05EE6F00EEB1E4 /* Sources */,
				2C6B95271A05EE6F00EEB1E4 /* Frameworks */,
				2C6B95281A05EE6F00EEB1E4 /* Resources */,
			);
			buildRules = (
			);
			dependencies = (
			);
			name = CrowdSpeech;
			productName = CrowdSpeech;
			productReference = 2C6B952A1A05EE6F00EEB1E4 /* CrowdSpeech.app */;
			productType = "com.apple.product-type.application";
		};
		2C6B953E1A05EE6F00EEB1E4 /* CrowdSpeechTests */ = {
			isa = PBXNativeTarget;
			buildConfigurationList = 2C6B954C1A05EE6F00EEB1E4 /* Build configuration list for PBXNativeTarget "CrowdSpeechTests" */;
			buildPhases = (
				2C6B953B1A05EE6F00EEB1E4 /* Sources */,
				2C6B953C1A05EE6F00EEB1E4 /* Frameworks */,
				2C6B953D1A05EE6F00EEB1E4 /* Resources */,
			);
			buildRules = (
			);
			dependencies = (
				2C6B95411A05EE6F00EEB1E4 /* PBXTargetDependency */,
			);
			name = CrowdSpeechTests;
			productName = CrowdSpeechTests;
			productReference = 2C6B953F1A05EE6F00EEB1E4 /* CrowdSpeechTests.xctest */;
			productType = "com.apple.product-type.bundle.unit-test";
		};
/* End PBXNativeTarget section */

/* Begin PBXProject section */
		2C6B95221A05EE6F00EEB1E4 /* Project object */ = {
			isa = PBXProject;
			attributes = {
				LastUpgradeCheck = 0610;
				ORGANIZATIONNAME = "Eduardo de Leon";
				TargetAttributes = {
					2C6B95291A05EE6F00EEB1E4 = {
						CreatedOnToolsVersion = 6.1;
						DevelopmentTeam = B95V8W7G6V;
					};
					2C6B953E1A05EE6F00EEB1E4 = {
						CreatedOnToolsVersion = 6.1;
						TestTargetID = 2C6B95291A05EE6F00EEB1E4;
					};
				};
			};
			buildConfigurationList = 2C6B95251A05EE6F00EEB1E4 /* Build configuration list for PBXProject "CrowdSpeech" */;
			compatibilityVersion = "Xcode 3.2";
			developmentRegion = English;
			hasScannedForEncodings = 0;
			knownRegions = (
				en,
				Base,
			);
			mainGroup = 2C6B95211A05EE6F00EEB1E4;
			productRefGroup = 2C6B952B1A05EE6F00EEB1E4 /* Products */;
			projectDirPath = "";
			projectRoot = "";
			targets = (
				2C6B95291A05EE6F00EEB1E4 /* CrowdSpeech */,
				2C6B953E1A05EE6F00EEB1E4 /* CrowdSpeechTests */,
			);
		};
/* End PBXProject section */

/* Begin PBXResourcesBuildPhase section */
		2C6B95281A05EE6F00EEB1E4 /* Resources */ = {
			isa = PBXResourcesBuildPhase;
			buildActionMask = 2147483647;
			files = (
				2CBA3B191A09E432005134CD /* Main.storyboard in Resources */,
				2C6B953A1A05EE6F00EEB1E4 /* LaunchScreen.xib in Resources */,
				2C6B95371A05EE6F00EEB1E4 /* Images.xcassets in Resources */,
			);
			runOnlyForDeploymentPostprocessing = 0;
		};
		2C6B953D1A05EE6F00EEB1E4 /* Resources */ = {
			isa = PBXResourcesBuildPhase;
			buildActionMask = 2147483647;
			files = (
			);
			runOnlyForDeploymentPostprocessing = 0;
		};
/* End PBXResourcesBuildPhase section */

/* Begin PBXSourcesBuildPhase section */
		2C6B95261A05EE6F00EEB1E4 /* Sources */ = {
			isa = PBXSourcesBuildPhase;
			buildActionMask = 2147483647;
			files = (
				2CBA3AE11A05EF39005134CD /* DictationModel.swift in Sources */,
				2C6B95321A05EE6F00EEB1E4 /* ViewController.swift in Sources */,
				2C6B95301A05EE6F00EEB1E4 /* AppDelegate.swift in Sources */,
				2CBA3B1B1A0FC41D005134CD /* DictationTableViewController.swift in Sources */,
			);
			runOnlyForDeploymentPostprocessing = 0;
		};
		2C6B953B1A05EE6F00EEB1E4 /* Sources */ = {
			isa = PBXSourcesBuildPhase;
			buildActionMask = 2147483647;
			files = (
				2C6B95461A05EE6F00EEB1E4 /* CrowdSpeechTests.swift in Sources */,
			);
			runOnlyForDeploymentPostprocessing = 0;
		};
/* End PBXSourcesBuildPhase section */

/* Begin PBXTargetDependency section */
		2C6B95411A05EE6F00EEB1E4 /* PBXTargetDependency */ = {
			isa = PBXTargetDependency;
			target = 2C6B95291A05EE6F00EEB1E4 /* CrowdSpeech */;
			targetProxy = 2C6B95401A05EE6F00EEB1E4 /* PBXContainerItemProxy */;
		};
/* End PBXTargetDependency section */

/* Begin PBXVariantGroup section */
		2C6B95381A05EE6F00EEB1E4 /* LaunchScreen.xib */ = {
			isa = PBXVariantGroup;
			children = (
				2C6B95391A05EE6F00EEB1E4 /* Base */,
			);
			name = LaunchScreen.xib;
			sourceTree = "<group>";
		};
		2CBA3B171A09E432005134CD /* Main.storyboard */ = {
			isa = PBXVariantGroup;
			children = (
				2CBA3B181A09E432005134CD /* Base */,
			);
			name = Main.storyboard;
			sourceTree = "<group>";
		};
/* End PBXVariantGroup section */

/* Begin XCBuildConfiguration section */
		2C6B95471A05EE6F00EEB1E4 /* Debug */ = {
			isa = XCBuildConfiguration;
			buildSettings = {
				ALWAYS_SEARCH_USER_PATHS = NO;
				CLANG_CXX_LANGUAGE_STANDARD = "gnu++0x";
				CLANG_CXX_LIBRARY = "libc++";
				CLANG_ENABLE_MODULES = YES;
				CLANG_ENABLE_OBJC_ARC = YES;
				CLANG_WARN_BOOL_CONVERSION = YES;
				CLANG_WARN_CONSTANT_CONVERSION = YES;
				CLANG_WARN_DIRECT_OBJC_ISA_USAGE = YES_ERROR;
				CLANG_WARN_EMPTY_BODY = YES;
				CLANG_WARN_ENUM_CONVERSION = YES;
				CLANG_WARN_INT_CONVERSION = YES;
				CLANG_WARN_OBJC_ROOT_CLASS = YES_ERROR;
				CLANG_WARN_UNREACHABLE_CODE = YES;
				CLANG_WARN__DUPLICATE_METHOD_MATCH = YES;
				"CODE_SIGN_IDENTITY[sdk=iphoneos*]" = "iPhone Developer";
				COPY_PHASE_STRIP = NO;
				ENABLE_STRICT_OBJC_MSGSEND = YES;
				GCC_C_LANGUAGE_STANDARD = gnu99;
				GCC_DYNAMIC_NO_PIC = NO;
				GCC_OPTIMIZATION_LEVEL = 0;
				GCC_PREPROCESSOR_DEFINITIONS = (
					"DEBUG=1",
					"$(inherited)",
				);
				GCC_SYMBOLS_PRIVATE_EXTERN = NO;
				GCC_WARN_64_TO_32_BIT_CONVERSION = YES;
				GCC_WARN_ABOUT_RETURN_TYPE = YES_ERROR;
				GCC_WARN_UNDECLARED_SELECTOR = YES;
				GCC_WARN_UNINITIALIZED_AUTOS = YES_AGGRESSIVE;
				GCC_WARN_UNUSED_FUNCTION = YES;
				GCC_WARN_UNUSED_VARIABLE = YES;
				IPHONEOS_DEPLOYMENT_TARGET = 8.1;
				MTL_ENABLE_DEBUG_INFO = YES;
				ONLY_ACTIVE_ARCH = YES;
				SDKROOT = iphoneos;
				SWIFT_OPTIMIZATION_LEVEL = "-Onone";
				TARGETED_DEVICE_FAMILY = "1,2";
			};
			name = Debug;
		};
		2C6B95481A05EE6F00EEB1E4 /* Release */ = {
			isa = XCBuildConfiguration;
			buildSettings = {
				ALWAYS_SEARCH_USER_PATHS = NO;
				CLANG_CXX_LANGUAGE_STANDARD = "gnu++0x";
				CLANG_CXX_LIBRARY = "libc++";
				CLANG_ENABLE_MODULES = YES;
				CLANG_ENABLE_OBJC_ARC = YES;
				CLANG_WARN_BOOL_CONVERSION = YES;
				CLANG_WARN_CONSTANT_CONVERSION = YES;
				CLANG_WARN_DIRECT_OBJC_ISA_USAGE = YES_ERROR;
				CLANG_WARN_EMPTY_BODY = YES;
				CLANG_WARN_ENUM_CONVERSION = YES;
				CLANG_WARN_INT_CONVERSION = YES;
				CLANG_WARN_OBJC_ROOT_CLASS = YES_ERROR;
				CLANG_WARN_UNREACHABLE_CODE = YES;
				CLANG_WARN__DUPLICATE_METHOD_MATCH = YES;
				"CODE_SIGN_IDENTITY[sdk=iphoneos*]" = "iPhone Developer";
				COPY_PHASE_STRIP = YES;
				ENABLE_NS_ASSERTIONS = NO;
				ENABLE_STRICT_OBJC_MSGSEND = YES;
				GCC_C_LANGUAGE_STANDARD = gnu99;
				GCC_WARN_64_TO_32_BIT_CONVERSION = YES;
				GCC_WARN_ABOUT_RETURN_TYPE = YES_ERROR;
				GCC_WARN_UNDECLARED_SELECTOR = YES;
				GCC_WARN_UNINITIALIZED_AUTOS = YES_AGGRESSIVE;
				GCC_WARN_UNUSED_FUNCTION = YES;
				GCC_WARN_UNUSED_VARIABLE = YES;
				IPHONEOS_DEPLOYMENT_TARGET = 8.1;
				MTL_ENABLE_DEBUG_INFO = NO;
				SDKROOT = iphoneos;
				TARGETED_DEVICE_FAMILY = "1,2";
				VALIDATE_PRODUCT = YES;
			};
			name = Release;
		};
		2C6B954A1A05EE6F00EEB1E4 /* Debug */ = {
			isa = XCBuildConfiguration;
			buildSettings = {
				ASSETCATALOG_COMPILER_APPICON_NAME = AppIcon;
				INFOPLIST_FILE = CrowdSpeech/Info.plist;
				IPHONEOS_DEPLOYMENT_TARGET = 8.1;
				LD_RUNPATH_SEARCH_PATHS = "$(inherited) @executable_path/Frameworks";
				PRODUCT_NAME = "$(TARGET_NAME)";
			};
			name = Debug;
		};
		2C6B954B1A05EE6F00EEB1E4 /* Release */ = {
			isa = XCBuildConfiguration;
			buildSettings = {
				ASSETCATALOG_COMPILER_APPICON_NAME = AppIcon;
				INFOPLIST_FILE = CrowdSpeech/Info.plist;
				IPHONEOS_DEPLOYMENT_TARGET = 8.1;
				LD_RUNPATH_SEARCH_PATHS = "$(inherited) @executable_path/Frameworks";
				PRODUCT_NAME = "$(TARGET_NAME)";
			};
			name = Release;
		};
		2C6B954D1A05EE6F00EEB1E4 /* Debug */ = {
			isa = XCBuildConfiguration;
			buildSettings = {
				BUNDLE_LOADER = "$(TEST_HOST)";
				FRAMEWORK_SEARCH_PATHS = (
					"$(SDKROOT)/Developer/Library/Frameworks",
					"$(inherited)",
				);
				GCC_PREPROCESSOR_DEFINITIONS = (
					"DEBUG=1",
					"$(inherited)",
				);
				INFOPLIST_FILE = CrowdSpeechTests/Info.plist;
				LD_RUNPATH_SEARCH_PATHS = "$(inherited) @executable_path/Frameworks @loader_path/Frameworks";
				PRODUCT_NAME = "$(TARGET_NAME)";
				TEST_HOST = "$(BUILT_PRODUCTS_DIR)/CrowdSpeech.app/CrowdSpeech";
			};
			name = Debug;
		};
		2C6B954E1A05EE6F00EEB1E4 /* Release */ = {
			isa = XCBuildConfiguration;
			buildSettings = {
				BUNDLE_LOADER = "$(TEST_HOST)";
				FRAMEWORK_SEARCH_PATHS = (
					"$(SDKROOT)/Developer/Library/Frameworks",
					"$(inherited)",
				);
				INFOPLIST_FILE = CrowdSpeechTests/Info.plist;
				LD_RUNPATH_SEARCH_PATHS = "$(inherited) @executable_path/Frameworks @loader_path/Frameworks";
				PRODUCT_NAME = "$(TARGET_NAME)";
				TEST_HOST = "$(BUILT_PRODUCTS_DIR)/CrowdSpeech.app/CrowdSpeech";
			};
			name = Release;
		};
/* End XCBuildConfiguration section */

/* Begin XCConfigurationList section */
		2C6B95251A05EE6F00EEB1E4 /* Build configuration list for PBXProject "CrowdSpeech" */ = {
			isa = XCConfigurationList;
			buildConfigurations = (
				2C6B95471A05EE6F00EEB1E4 /* Debug */,
				2C6B95481A05EE6F00EEB1E4 /* Release */,
			);
			defaultConfigurationIsVisible = 0;
			defaultConfigurationName = Release;
		};
		2C6B95491A05EE6F00EEB1E4 /* Build configuration list for PBXNativeTarget "CrowdSpeech" */ = {
			isa = XCConfigurationList;
			buildConfigurations = (
				2C6B954A1A05EE6F00EEB1E4 /* Debug */,
				2C6B954B1A05EE6F00EEB1E4 /* Release */,
			);
			defaultConfigurationIsVisible = 0;
			defaultConfigurationName = Release;
		};
		2C6B954C1A05EE6F00EEB1E4 /* Build configuration list for PBXNativeTarget "CrowdSpeechTests" */ = {
			isa = XCConfigurationList;
			buildConfigurations = (
				2C6B954D1A05EE6F00EEB1E4 /* Debug */,
				2C6B954E1A05EE6F00EEB1E4 /* Release */,
			);
			defaultConfigurationIsVisible = 0;
			defaultConfigurationName = Release;
		};
/* End XCConfigurationList section */
	};
	rootObject = 2C6B95221A05EE6F00EEB1E4 /* Project object */;
}
